# This file is automatically @generated by Poetry 1.8.4 and should not be changed by hand.

[[package]]
name = "tree-sitter"
version = "0.23.2"
description = "Python bindings to the Tree-sitter parsing library"
optional = false
python-versions = ">=3.9"
files = [
    {file = "tree-sitter-0.23.2.tar.gz", hash = "sha256:66bae8dd47f1fed7bdef816115146d3a41c39b5c482d7bad36d9ba1def088450"},
    {file = "tree_sitter-0.23.2-cp310-cp310-macosx_10_9_x86_64.whl", hash = "sha256:3a937f5d8727bc1c74c4bf2a9d1c25ace049e8628273016ad0d45914ae904e10"},
    {file = "tree_sitter-0.23.2-cp310-cp310-macosx_11_0_arm64.whl", hash = "sha256:2c7eae7fe2af215645a38660d2d57d257a4c461fe3ec827cca99a79478284e80"},
    {file = "tree_sitter-0.23.2-cp310-cp310-manylinux_2_17_aarch64.manylinux2014_aarch64.whl", hash = "sha256:3a71d607595270b6870eaf778a1032d146b2aa79bfcfa60f57a82a7b7584a4c7"},
    {file = "tree_sitter-0.23.2-cp310-cp310-manylinux_2_17_x86_64.manylinux2014_x86_64.whl", hash = "sha256:6fe9b9ea7a0aa23b52fd97354da95d1b2580065bc12a4ac868f9164a127211d6"},
    {file = "tree_sitter-0.23.2-cp310-cp310-musllinux_1_2_aarch64.whl", hash = "sha256:d74d00a8021719eae14d10d1b1e28649e15d8b958c01c2b2c3dad7a2ebc4dbae"},
    {file = "tree_sitter-0.23.2-cp310-cp310-musllinux_1_2_x86_64.whl", hash = "sha256:6de18d8d8a7f67ab71f472d1fcb01cc506e080cbb5e13d52929e4b6fdce6bbee"},
    {file = "tree_sitter-0.23.2-cp310-cp310-win_amd64.whl", hash = "sha256:12b60dca70d2282af942b650a6d781be487485454668c7c956338a367b98cdee"},
    {file = "tree_sitter-0.23.2-cp310-cp310-win_arm64.whl", hash = "sha256:3346a4dd0447a42aabb863443b0fd8c92b909baf40ed2344fae4b94b625d5955"},
    {file = "tree_sitter-0.23.2-cp311-cp311-macosx_10_9_x86_64.whl", hash = "sha256:91fda41d4f8824335cc43c64e2c37d8089c8c563bd3900a512d2852d075af719"},
    {file = "tree_sitter-0.23.2-cp311-cp311-macosx_11_0_arm64.whl", hash = "sha256:92b2b489d5ce54b41f94c6f23fbaf592bd6e84dc2877048fd1cb060480fa53f7"},
    {file = "tree_sitter-0.23.2-cp311-cp311-manylinux_2_17_aarch64.manylinux2014_aarch64.whl", hash = "sha256:64859bd4aa1567d0d6016a811b2b49c59d4a4427d096e3d8c84b2521455f62b7"},
    {file = "tree_sitter-0.23.2-cp311-cp311-manylinux_2_17_x86_64.manylinux2014_x86_64.whl", hash = "sha256:614590611636044e071d3a0b748046d52676dbda3bc9fa431216231e11dd98f7"},
    {file = "tree_sitter-0.23.2-cp311-cp311-musllinux_1_2_aarch64.whl", hash = "sha256:08466953c78ae57be61057188fb88c89791b0a562856010228e0ccf60e2ac453"},
    {file = "tree_sitter-0.23.2-cp311-cp311-musllinux_1_2_x86_64.whl", hash = "sha256:8a33f03a562de91f7fd05eefcedd8994a06cd44c62f7aabace811ad82bc11cbd"},
    {file = "tree_sitter-0.23.2-cp311-cp311-win_amd64.whl", hash = "sha256:03b70296b569ef64f7b92b42ca5da9bf86d81bee2afd480bea35092687f51dae"},
    {file = "tree_sitter-0.23.2-cp311-cp311-win_arm64.whl", hash = "sha256:7cb4bb953ea7c0b50eeafc4454783e030357179d2a93c3dd5ebed2da5588ddd0"},
    {file = "tree_sitter-0.23.2-cp312-cp312-macosx_10_13_x86_64.whl", hash = "sha256:a014498b6a9e6003fae8c6eb72f5927d62da9dcb72b28b3ce8cd15c6ff6a6572"},
    {file = "tree_sitter-0.23.2-cp312-cp312-macosx_11_0_arm64.whl", hash = "sha256:04f8699b131d4bcbe3805c37e4ef3d159ee9a82a0e700587625623999ba0ea53"},
    {file = "tree_sitter-0.23.2-cp312-cp312-manylinux_2_17_aarch64.manylinux2014_aarch64.whl", hash = "sha256:4471577df285059c71686ecb208bc50fb472099b38dcc8e849b0e86652891e87"},
    {file = "tree_sitter-0.23.2-cp312-cp312-manylinux_2_17_x86_64.manylinux2014_x86_64.whl", hash = "sha256:f342c925290dd4e20ecd5787ef7ae8749981597ab364783a1eb73173efe65226"},
    {file = "tree_sitter-0.23.2-cp312-cp312-musllinux_1_2_aarch64.whl", hash = "sha256:a4e9e53d07dd076bede72e4f7d3a0173d7b9ad6576572dd86da008a740a9bb22"},
    {file = "tree_sitter-0.23.2-cp312-cp312-musllinux_1_2_x86_64.whl", hash = "sha256:8caebe65bc358759dac2500d8f8feed3aed939c4ade9a684a1783fe07bc7d5db"},
    {file = "tree_sitter-0.23.2-cp312-cp312-win_amd64.whl", hash = "sha256:fc5a72eb50d43485000dbbb309acb350467b7467e66dc747c6bb82ce63041582"},
    {file = "tree_sitter-0.23.2-cp312-cp312-win_arm64.whl", hash = "sha256:a0320eb6c7993359c5f7b371d22719ccd273f440d41cf1bd65dac5e9587f2046"},
    {file = "tree_sitter-0.23.2-cp313-cp313-macosx_10_13_x86_64.whl", hash = "sha256:eff630dddee7ba05accb439b17e559e15ce13f057297007c246237ceb6306332"},
    {file = "tree_sitter-0.23.2-cp313-cp313-macosx_11_0_arm64.whl", hash = "sha256:4780ba8f3894f2dea869fad2995c2aceab3fd5ab9e6a27c45475d2acd7f7e84e"},
    {file = "tree_sitter-0.23.2-cp313-cp313-manylinux_2_17_aarch64.manylinux2014_aarch64.whl", hash = "sha256:f0b609460b8e3e256361fb12e94fae5b728cb835b16f0f9d590b5aadbf9d109b"},
    {file = "tree_sitter-0.23.2-cp313-cp313-manylinux_2_17_x86_64.manylinux2014_x86_64.whl", hash = "sha256:78d070d8eaeaeb36cf535f55e5578fddbfc3bf53c1980f58bf1a99d57466b3b5"},
    {file = "tree_sitter-0.23.2-cp313-cp313-musllinux_1_2_aarch64.whl", hash = "sha256:878580b2ad5054c410ba3418edca4d34c81cc26706114d8f5b5541688bc2d785"},
    {file = "tree_sitter-0.23.2-cp313-cp313-musllinux_1_2_x86_64.whl", hash = "sha256:29224bdc2a3b9af535b7725e249d3ee291b2e90708e82832e73acc175e40dc48"},
    {file = "tree_sitter-0.23.2-cp313-cp313-win_amd64.whl", hash = "sha256:c58d89348162fbc3aea1fe6511a66ee189fc0e4e4bbe937026f29e4ecef17763"},
    {file = "tree_sitter-0.23.2-cp313-cp313-win_arm64.whl", hash = "sha256:0ff2037be5edab7801de3f6a721b9cf010853f612e2008ee454e0e0badb225a6"},
    {file = "tree_sitter-0.23.2-cp39-cp39-macosx_10_9_x86_64.whl", hash = "sha256:a5db8e585205faef8bf219da77d8993e2ef04d08eda2e3c8ad7e4df8297ee344"},
    {file = "tree_sitter-0.23.2-cp39-cp39-macosx_11_0_arm64.whl", hash = "sha256:9dbd110a30cf28be5da734ae4cd0e9031768228dbf6a79f2973962aa51de4ec7"},
    {file = "tree_sitter-0.23.2-cp39-cp39-manylinux_2_17_aarch64.manylinux2014_aarch64.whl", hash = "sha256:569514b9a996a0fd458b3a891c46ca125298be0c03cf82f2b6f0c13d5d8f25dc"},
    {file = "tree_sitter-0.23.2-cp39-cp39-manylinux_2_17_x86_64.manylinux2014_x86_64.whl", hash = "sha256:a357ed98a74e47787b812df99a74a2c35c0fe11e55c2095cc01d1cad144ef552"},
    {file = "tree_sitter-0.23.2-cp39-cp39-musllinux_1_2_aarch64.whl", hash = "sha256:c2dfb8e8f760f4cc67888d03ef9e2dbd3353245f67f5efba375c2a14d944ac0e"},
    {file = "tree_sitter-0.23.2-cp39-cp39-musllinux_1_2_x86_64.whl", hash = "sha256:3ead958df87a21d706903987e665e9e0e5df7b2c5021ff69ea349826840adc6a"},
    {file = "tree_sitter-0.23.2-cp39-cp39-win_amd64.whl", hash = "sha256:611cae16be332213c0e6ece72c0bfca202e30ff320a8b309b1526c6cb79ee4ba"},
    {file = "tree_sitter-0.23.2-cp39-cp39-win_arm64.whl", hash = "sha256:b848e0fdd522fbb8888cdb4f4d93f8fad97ae10d70c122fb922e51363c7febcd"},
]

[package.extras]
docs = ["sphinx (>=7.3,<8.0)", "sphinx-book-theme"]
tests = ["tree-sitter-html (>=0.23.0)", "tree-sitter-javascript (>=0.23.0)", "tree-sitter-json (>=0.23.0)", "tree-sitter-python (>=0.23.0)", "tree-sitter-rust (>=0.23.0)"]

[[package]]
name = "tree-sitter-c-sharp"
version = "0.23.1"
description = "C# grammar for tree-sitter"
optional = false
python-versions = ">=3.9"
files = [
    {file = "tree_sitter_c_sharp-0.23.1-cp39-abi3-macosx_10_9_x86_64.whl", hash = "sha256:2b612a6e5bd17bb7fa2aab4bb6fc1fba45c94f09cb034ab332e45603b86e32fd"},
    {file = "tree_sitter_c_sharp-0.23.1-cp39-abi3-macosx_11_0_arm64.whl", hash = "sha256:1a8b98f62bc53efcd4d971151950c9b9cd5cbe3bacdb0cd69fdccac63350d83e"},
    {file = "tree_sitter_c_sharp-0.23.1-cp39-abi3-manylinux_2_17_aarch64.manylinux2014_aarch64.whl", hash = "sha256:986e93d845a438ec3c4416401aa98e6a6f6631d644bbbc2e43fcb915c51d255d"},
    {file = "tree_sitter_c_sharp-0.23.1-cp39-abi3-manylinux_2_5_x86_64.manylinux1_x86_64.manylinux_2_17_x86_64.manylinux2014_x86_64.whl", hash = "sha256:a8024e466b2f5611c6dc90321f232d8584893c7fb88b75e4a831992f877616d2"},
    {file = "tree_sitter_c_sharp-0.23.1-cp39-abi3-musllinux_1_2_x86_64.whl", hash = "sha256:7f9bf876866835492281d336b9e1f9626ab668737f74e914c31d285261507da7"},
    {file = "tree_sitter_c_sharp-0.23.1-cp39-abi3-win_amd64.whl", hash = "sha256:ae9a9e859e8f44e2b07578d44f9a220d3fa25b688966708af6aa55d42abeebb3"},
    {file = "tree_sitter_c_sharp-0.23.1-cp39-abi3-win_arm64.whl", hash = "sha256:c81548347a93347be4f48cb63ec7d60ef4b0efa91313330e69641e49aa5a08c5"},
    {file = "tree_sitter_c_sharp-0.23.1.tar.gz", hash = "sha256:322e2cfd3a547a840375276b2aea3335fa6458aeac082f6c60fec3f745c967eb"},
]

[package.extras]
core = ["tree-sitter (>=0.22,<1.0)"]

[[package]]
name = "tree-sitter-go"
version = "0.23.4"
description = "Go grammar for tree-sitter"
optional = false
python-versions = ">=3.9"
files = [
    {file = "tree_sitter_go-0.23.4-cp39-abi3-macosx_10_9_x86_64.whl", hash = "sha256:c9320f87a05cd47fa0f627b9329bbc09b7ed90de8fe4f5882aed318d6e19962d"},
    {file = "tree_sitter_go-0.23.4-cp39-abi3-macosx_11_0_arm64.whl", hash = "sha256:914e63d16b36ab0e4f52b031e574b82d17d0bbfecca138ae83e887a1cf5b71ac"},
    {file = "tree_sitter_go-0.23.4-cp39-abi3-manylinux_2_17_aarch64.manylinux2014_aarch64.whl", hash = "sha256:330ecbb38d6ea4ef41eba2d473056889705e64f6a51c2fb613de05b1bcb5ba22"},
    {file = "tree_sitter_go-0.23.4-cp39-abi3-manylinux_2_5_x86_64.manylinux1_x86_64.manylinux_2_17_x86_64.manylinux2014_x86_64.whl", hash = "sha256:dd14d23056ae980debfccc0db67d0a168da03792ca2968b1b5dd58ce288084e7"},
    {file = "tree_sitter_go-0.23.4-cp39-abi3-musllinux_1_2_x86_64.whl", hash = "sha256:c3b40912487fdb78c4028860dd79493a521ffca0104f209849823358db3618a0"},
    {file = "tree_sitter_go-0.23.4-cp39-abi3-win_amd64.whl", hash = "sha256:ae4b231cad2ef76401d33617879cda6321c4d0853f7fd98cb5654c50a218effb"},
    {file = "tree_sitter_go-0.23.4-cp39-abi3-win_arm64.whl", hash = "sha256:2ac907362a3c347145dc1da0858248546500a323de90d2cb76d2a3fdbfc8da25"},
    {file = "tree_sitter_go-0.23.4.tar.gz", hash = "sha256:0ebff99820657066bec21690623a14c74d9e57a903f95f0837be112ddadf1a52"},
]

[package.extras]
core = ["tree-sitter (>=0.22,<1.0)"]

[[package]]
name = "tree-sitter-java"
version = "0.23.5"
description = "Java grammar for tree-sitter"
optional = false
python-versions = ">=3.9"
files = [
    {file = "tree_sitter_java-0.23.5-cp39-abi3-macosx_10_9_x86_64.whl", hash = "sha256:355ce0308672d6f7013ec913dee4a0613666f4cda9044a7824240d17f38209df"},
    {file = "tree_sitter_java-0.23.5-cp39-abi3-macosx_11_0_arm64.whl", hash = "sha256:24acd59c4720dedad80d548fe4237e43ef2b7a4e94c8549b0ca6e4c4d7bf6e69"},
    {file = "tree_sitter_java-0.23.5-cp39-abi3-manylinux_2_17_aarch64.manylinux2014_aarch64.whl", hash = "sha256:9401e7271f0b333df39fc8a8336a0caf1b891d9a2b89ddee99fae66b794fc5b7"},
    {file = "tree_sitter_java-0.23.5-cp39-abi3-manylinux_2_5_x86_64.manylinux1_x86_64.manylinux_2_17_x86_64.manylinux2014_x86_64.whl", hash = "sha256:370b204b9500b847f6d0c5ad584045831cee69e9a3e4d878535d39e4a7e4c4f1"},
    {file = "tree_sitter_java-0.23.5-cp39-abi3-musllinux_1_2_x86_64.whl", hash = "sha256:aae84449e330363b55b14a2af0585e4e0dae75eb64ea509b7e5b0e1de536846a"},
    {file = "tree_sitter_java-0.23.5-cp39-abi3-win_amd64.whl", hash = "sha256:1ee45e790f8d31d416bc84a09dac2e2c6bc343e89b8a2e1d550513498eedfde7"},
    {file = "tree_sitter_java-0.23.5-cp39-abi3-win_arm64.whl", hash = "sha256:402efe136104c5603b429dc26c7e75ae14faaca54cfd319ecc41c8f2534750f4"},
    {file = "tree_sitter_java-0.23.5.tar.gz", hash = "sha256:f5cd57b8f1270a7f0438878750d02ccc79421d45cca65ff284f1527e9ef02e38"},
]

[package.extras]
core = ["tree-sitter (>=0.22,<1.0)"]

[[package]]
name = "tree-sitter-javascript"
version = "0.23.1"
description = "JavaScript grammar for tree-sitter"
optional = false
python-versions = ">=3.9"
files = [
    {file = "tree_sitter_javascript-0.23.1-cp39-abi3-macosx_10_9_x86_64.whl", hash = "sha256:6ca583dad4bd79d3053c310b9f7208cd597fd85f9947e4ab2294658bb5c11e35"},
    {file = "tree_sitter_javascript-0.23.1-cp39-abi3-macosx_11_0_arm64.whl", hash = "sha256:94100e491a6a247aa4d14caf61230c171b6376c863039b6d9cd71255c2d815ec"},
    {file = "tree_sitter_javascript-0.23.1-cp39-abi3-manylinux_2_17_aarch64.manylinux2014_aarch64.whl", hash = "sha256:5a6bc1055b061c5055ec58f39ee9b2e9efb8e6e0ae970838af74da0afb811f0a"},
    {file = "tree_sitter_javascript-0.23.1-cp39-abi3-manylinux_2_5_x86_64.manylinux1_x86_64.manylinux_2_17_x86_64.manylinux2014_x86_64.whl", hash = "sha256:056dc04fb6b24293f8c5fec43c14e7e16ba2075b3009c643abf8c85edc4c7c3c"},
    {file = "tree_sitter_javascript-0.23.1-cp39-abi3-musllinux_1_2_x86_64.whl", hash = "sha256:a11ca1c0f736da42967586b568dff8a465ee148a986c15ebdc9382806e0ce871"},
    {file = "tree_sitter_javascript-0.23.1-cp39-abi3-win_amd64.whl", hash = "sha256:041fa22b34250ea6eb313d33104d5303f79504cb259d374d691e38bbdc49145b"},
    {file = "tree_sitter_javascript-0.23.1-cp39-abi3-win_arm64.whl", hash = "sha256:eb28130cd2fb30d702d614cbf61ef44d1c7f6869e7d864a9cc17111e370be8f7"},
    {file = "tree_sitter_javascript-0.23.1.tar.gz", hash = "sha256:b2059ce8b150162cda05a457ca3920450adbf915119c04b8c67b5241cd7fcfed"},
]

[package.extras]
core = ["tree-sitter (>=0.22,<1.0)"]

[[package]]
name = "tree-sitter-python"
version = "0.23.6"
description = "Python grammar for tree-sitter"
optional = false
python-versions = ">=3.9"
files = [
    {file = "tree_sitter_python-0.23.6-cp39-abi3-macosx_10_9_x86_64.whl", hash = "sha256:28fbec8f74eeb2b30292d97715e60fac9ccf8a8091ce19b9d93e9b580ed280fb"},
    {file = "tree_sitter_python-0.23.6-cp39-abi3-macosx_11_0_arm64.whl", hash = "sha256:680b710051b144fedf61c95197db0094f2245e82551bf7f0c501356333571f7a"},
    {file = "tree_sitter_python-0.23.6-cp39-abi3-manylinux_2_17_aarch64.manylinux2014_aarch64.whl", hash = "sha256:8a9dcef55507b6567207e8ee0a6b053d0688019b47ff7f26edc1764b7f4dc0a4"},
    {file = "tree_sitter_python-0.23.6-cp39-abi3-manylinux_2_5_x86_64.manylinux1_x86_64.manylinux_2_17_x86_64.manylinux2014_x86_64.whl", hash = "sha256:29dacdc0cd2f64e55e61d96c6906533ebb2791972bec988450c46cce60092f5d"},
    {file = "tree_sitter_python-0.23.6-cp39-abi3-musllinux_1_2_x86_64.whl", hash = "sha256:7e048733c36f564b379831689006801feb267d8194f9e793fbb395ef1723335d"},
    {file = "tree_sitter_python-0.23.6-cp39-abi3-win_amd64.whl", hash = "sha256:a24027248399fb41594b696f929f9956828ae7cc85596d9f775e6c239cd0c2be"},
    {file = "tree_sitter_python-0.23.6-cp39-abi3-win_arm64.whl", hash = "sha256:71334371bd73d5fe080aed39fbff49ed8efb9506edebe16795b0c7567ed6a272"},
    {file = "tree_sitter_python-0.23.6.tar.gz", hash = "sha256:354bfa0a2f9217431764a631516f85173e9711af2c13dbd796a8815acfe505d9"},
]

[package.extras]
core = ["tree-sitter (>=0.22,<1.0)"]

[metadata]
lock-version = "2.0"
python-versions = ">=3.10,<4.0.0"
content-hash = "c4705f4044facc211d0f333bac2eeb315b67864a0ae118e97e509ddb718eb05f"
